// !$*UTF8*$!
{
	archiveVersion = 1;
	classes = {
	};
	objectVersion = 46;
	objects = {

/* Begin PBXBuildFile section */
		3B91656E1D86E52F00F462C4 /* AppDelegate.swift in Sources */ = {isa = PBXBuildFile; fileRef = 3B91656D1D86E52F00F462C4 /* AppDelegate.swift */; };
		3B9165701D86E52F00F462C4 /* ViewController.swift in Sources */ = {isa = PBXBuildFile; fileRef = 3B91656F1D86E52F00F462C4 /* ViewController.swift */; };
		3B9165731D86E52F00F462C4 /* Main.storyboard in Resources */ = {isa = PBXBuildFile; fileRef = 3B9165711D86E52F00F462C4 /* Main.storyboard */; };
		3B9165751D86E52F00F462C4 /* Assets.xcassets in Resources */ = {isa = PBXBuildFile; fileRef = 3B9165741D86E52F00F462C4 /* Assets.xcassets */; };
		3B9165781D86E52F00F462C4 /* LaunchScreen.storyboard in Resources */ = {isa = PBXBuildFile; fileRef = 3B9165761D86E52F00F462C4 /* LaunchScreen.storyboard */; };
		3B91659A1D86F8D900F462C4 /* BaseView.swift in Sources */ = {isa = PBXBuildFile; fileRef = 3B9165921D86F8D900F462C4 /* BaseView.swift */; };
		3B91659B1D86F8D900F462C4 /* BlueView.swift in Sources */ = {isa = PBXBuildFile; fileRef = 3B9165931D86F8D900F462C4 /* BlueView.swift */; };
		3B91659C1D86F8D900F462C4 /* GreenView.swift in Sources */ = {isa = PBXBuildFile; fileRef = 3B9165941D86F8D900F462C4 /* GreenView.swift */; };
		3B91659D1D86F8D900F462C4 /* MyUIwindow.swift in Sources */ = {isa = PBXBuildFile; fileRef = 3B9165951D86F8D900F462C4 /* MyUIwindow.swift */; };
		3B91659E1D86F8D900F462C4 /* OrangeView.swift in Sources */ = {isa = PBXBuildFile; fileRef = 3B9165961D86F8D900F462C4 /* OrangeView.swift */; };
		3B91659F1D86F8D900F462C4 /* RedView.swift in Sources */ = {isa = PBXBuildFile; fileRef = 3B9165971D86F8D900F462C4 /* RedView.swift */; };
		3B9165A01D86F8D900F462C4 /* WhiteView.swift in Sources */ = {isa = PBXBuildFile; fileRef = 3B9165981D86F8D900F462C4 /* WhiteView.swift */; };
		3B9165A11D86F8D900F462C4 /* YellowView.swift in Sources */ = {isa = PBXBuildFile; fileRef = 3B9165991D86F8D900F462C4 /* YellowView.swift */; };
		3B9165A41D86F98100F462C4 /* Demo2ViewController.swift in Sources */ = {isa = PBXBuildFile; fileRef = 3B9165A31D86F98100F462C4 /* Demo2ViewController.swift */; };
		3BA033A01D86FEDF00796BEA /* Yellow2View.swift in Sources */ = {isa = PBXBuildFile; fileRef = 3BA0339F1D86FEDF00796BEA /* Yellow2View.swift */; };
/* End PBXBuildFile section */

/* Begin PBXFileReference section */
		3B91656A1D86E52F00F462C4 /* 事件传递及响应Demo.app */ = {isa = PBXFileReference; explicitFileType = wrapper.application; includeInIndex = 0; path = "事件传递及响应Demo.app"; sourceTree = BUILT_PRODUCTS_DIR; };
		3B91656D1D86E52F00F462C4 /* AppDelegate.swift */ = {isa = PBXFileReference; lastKnownFileType = sourcecode.swift; path = AppDelegate.swift; sourceTree = "<group>"; };
		3B91656F1D86E52F00F462C4 /* ViewController.swift */ = {isa = PBXFileReference; lastKnownFileType = sourcecode.swift; name = ViewController.swift; path = ../ViewController.swift; sourceTree = "<group>"; };
		3B9165721D86E52F00F462C4 /* Base */ = {isa = PBXFileReference; lastKnownFileType = file.storyboard; name = Base; path = Base.lproj/Main.storyboard; sourceTree = "<group>"; };
		3B9165741D86E52F00F462C4 /* Assets.xcassets */ = {isa = PBXFileReference; lastKnownFileType = folder.assetcatalog; path = Assets.xcassets; sourceTree = "<group>"; };
		3B9165771D86E52F00F462C4 /* Base */ = {isa = PBXFileReference; lastKnownFileType = file.storyboard; name = Base; path = Base.lproj/LaunchScreen.storyboard; sourceTree = "<group>"; };
		3B9165791D86E52F00F462C4 /* Info.plist */ = {isa = PBXFileReference; lastKnownFileType = text.plist.xml; path = Info.plist; sourceTree = "<group>"; };
		3B9165921D86F8D900F462C4 /* BaseView.swift */ = {isa = PBXFileReference; fileEncoding = 4; lastKnownFileType = sourcecode.swift; path = BaseView.swift; sourceTree = "<group>"; };
		3B9165931D86F8D900F462C4 /* BlueView.swift */ = {isa = PBXFileReference; fileEncoding = 4; lastKnownFileType = sourcecode.swift; path = BlueView.swift; sourceTree = "<group>"; };
		3B9165941D86F8D900F462C4 /* GreenView.swift */ = {isa = PBXFileReference; fileEncoding = 4; lastKnownFileType = sourcecode.swift; path = GreenView.swift; sourceTree = "<group>"; };
		3B9165951D86F8D900F462C4 /* MyUIwindow.swift */ = {isa = PBXFileReference; fileEncoding = 4; lastKnownFileType = sourcecode.swift; path = MyUIwindow.swift; sourceTree = "<group>"; };
		3B9165961D86F8D900F462C4 /* OrangeView.swift */ = {isa = PBXFileReference; fileEncoding = 4; lastKnownFileType = sourcecode.swift; path = OrangeView.swift; sourceTree = "<group>"; };
		3B9165971D86F8D900F462C4 /* RedView.swift */ = {isa = PBXFileReference; fileEncoding = 4; lastKnownFileType = sourcecode.swift; path = RedView.swift; sourceTree = "<group>"; };
		3B9165981D86F8D900F462C4 /* WhiteView.swift */ = {isa = PBXFileReference; fileEncoding = 4; lastKnownFileType = sourcecode.swift; path = WhiteView.swift; sourceTree = "<group>"; };
		3B9165991D86F8D900F462C4 /* YellowView.swift */ = {isa = PBXFileReference; fileEncoding = 4; lastKnownFileType = sourcecode.swift; path = YellowView.swift; sourceTree = "<group>"; };
		3B9165A31D86F98100F462C4 /* Demo2ViewController.swift */ = {isa = PBXFileReference; fileEncoding = 4; lastKnownFileType = sourcecode.swift; path = Demo2ViewController.swift; sourceTree = "<group>"; };
		3BA0339F1D86FEDF00796BEA /* Yellow2View.swift */ = {isa = PBXFileReference; fileEncoding = 4; lastKnownFileType = sourcecode.swift; path = Yellow2View.swift; sourceTree = "<group>"; };
/* End PBXFileReference section */

/* Begin PBXFrameworksBuildPhase section */
		3B9165671D86E52F00F462C4 /* Frameworks */ = {
			isa = PBXFrameworksBuildPhase;
			buildActionMask = 2147483647;
			files = (
			);
			runOnlyForDeploymentPostprocessing = 0;
		};
/* End PBXFrameworksBuildPhase section */

/* Begin PBXGroup section */
		3B9165611D86E52F00F462C4 = {
			isa = PBXGroup;
			children = (
				3B91656C1D86E52F00F462C4 /* 事件传递及响应Demo */,
				3B91656B1D86E52F00F462C4 /* Products */,
			);
			sourceTree = "<group>";
		};
		3B91656B1D86E52F00F462C4 /* Products */ = {
			isa = PBXGroup;
			children = (
				3B91656A1D86E52F00F462C4 /* 事件传递及响应Demo.app */,
			);
			name = Products;
			sourceTree = "<group>";
		};
		3B91656C1D86E52F00F462C4 /* 事件传递及响应Demo */ = {
			isa = PBXGroup;
			children = (
				3B9165911D86F8D900F462C4 /* demo1 */,
				3B9165A21D86F8EE00F462C4 /* demo2 */,
				3B91656D1D86E52F00F462C4 /* AppDelegate.swift */,
				3B9165711D86E52F00F462C4 /* Main.storyboard */,
				3B9165741D86E52F00F462C4 /* Assets.xcassets */,
				3B9165761D86E52F00F462C4 /* LaunchScreen.storyboard */,
				3B9165791D86E52F00F462C4 /* Info.plist */,
			);
			path = "事件传递及响应Demo";
			sourceTree = "<group>";
		};
		3B9165911D86F8D900F462C4 /* demo1 */ = {
			isa = PBXGroup;
			children = (
				3B91656F1D86E52F00F462C4 /* ViewController.swift */,
				3B9165921D86F8D900F462C4 /* BaseView.swift */,
				3B9165931D86F8D900F462C4 /* BlueView.swift */,
				3B9165941D86F8D900F462C4 /* GreenView.swift */,
				3B9165951D86F8D900F462C4 /* MyUIwindow.swift */,
				3B9165961D86F8D900F462C4 /* OrangeView.swift */,
				3B9165971D86F8D900F462C4 /* RedView.swift */,
				3B9165981D86F8D900F462C4 /* WhiteView.swift */,
				3B9165991D86F8D900F462C4 /* YellowView.swift */,
			);
			path = demo1;
			sourceTree = "<group>";
		};
		3B9165A21D86F8EE00F462C4 /* demo2 */ = {
			isa = PBXGroup;
			children = (
				3B9165A31D86F98100F462C4 /* Demo2ViewController.swift */,
				3BA0339F1D86FEDF00796BEA /* Yellow2View.swift */,
			);
			path = demo2;
			sourceTree = "<group>";
		};
/* End PBXGroup section */

/* Begin PBXNativeTarget section */
		3B9165691D86E52F00F462C4 /* 事件传递及响应Demo */ = {
			isa = PBXNativeTarget;
			buildConfigurationList = 3B91657C1D86E52F00F462C4 /* Build configuration list for PBXNativeTarget "事件传递及响应Demo" */;
			buildPhases = (
				3B9165661D86E52F00F462C4 /* Sources */,
				3B9165671D86E52F00F462C4 /* Frameworks */,
				3B9165681D86E52F00F462C4 /* Resources */,
			);
			buildRules = (
			);
			dependencies = (
			);
			name = "事件传递及响应Demo";
			productName = "事件传递及响应Demo";
			productReference = 3B91656A1D86E52F00F462C4 /* 事件传递及响应Demo.app */;
			productType = "com.apple.product-type.application";
		};
/* End PBXNativeTarget section */

/* Begin PBXProject section */
		3B9165621D86E52F00F462C4 /* Project object */ = {
			isa = PBXProject;
			attributes = {
				LastSwiftUpdateCheck = 0730;
				LastUpgradeCheck = 0730;
				ORGANIZATIONNAME = zhkuo;
				TargetAttributes = {
					3B9165691D86E52F00F462C4 = {
						CreatedOnToolsVersion = 7.3.1;
					};
				};
			};
			buildConfigurationList = 3B9165651D86E52F00F462C4 /* Build configuration list for PBXProject "事件传递及响应Demo" */;
			compatibilityVersion = "Xcode 3.2";
			developmentRegion = English;
			hasScannedForEncodings = 0;
			knownRegions = (
				en,
				Base,
			);
			mainGroup = 3B9165611D86E52F00F462C4;
			productRefGroup = 3B91656B1D86E52F00F462C4 /* Products */;
			projectDirPath = "";
			projectRoot = "";
			targets = (
				3B9165691D86E52F00F462C4 /* 事件传递及响应Demo */,
			);
		};
/* End PBXProject section */

/* Begin PBXResourcesBuildPhase section */
		3B9165681D86E52F00F462C4 /* Resources */ = {
			isa = PBXResourcesBuildPhase;
			buildActionMask = 2147483647;
			files = (
				3B9165781D86E52F00F462C4 /* LaunchScreen.storyboard in Resources */,
				3B9165751D86E52F00F462C4 /* Assets.xcassets in Resources */,
				3B9165731D86E52F00F462C4 /* Main.storyboard in Resources */,
			);
			runOnlyForDeploymentPostprocessing = 0;
		};
/* End PBXResourcesBuildPhase section */

/* Begin PBXSourcesBuildPhase section */
		3B9165661D86E52F00F462C4 /* Sources */ = {
			isa = PBXSourcesBuildPhase;
			buildActionMask = 2147483647;
			files = (
				3B91659B1D86F8D900F462C4 /* BlueView.swift in Sources */,
				3B91659E1D86F8D900F462C4 /* OrangeView.swift in Sources */,
				3B91659C1D86F8D900F462C4 /* GreenView.swift in Sources */,
				3B91659A1D86F8D900F462C4 /* BaseView.swift in Sources */,
				3B91659D1D86F8D900F462C4 /* MyUIwindow.swift in Sources */,
				3B9165701D86E52F00F462C4 /* ViewController.swift in Sources */,
				3BA033A01D86FEDF00796BEA /* Yellow2View.swift in Sources */,
				3B9165A11D86F8D900F462C4 /* YellowView.swift in Sources */,
				3B9165A01D86F8D900F462C4 /* WhiteView.swift in Sources */,
				3B9165A41D86F98100F462C4 /* Demo2ViewController.swift in Sources */,
				3B91659F1D86F8D900F462C4 /* RedView.swift in Sources */,
				3B91656E1D86E52F00F462C4 /* AppDelegate.swift in Sources */,
			);
			runOnlyForDeploymentPostprocessing = 0;
		};
/* End PBXSourcesBuildPhase section */

/* Begin PBXVariantGroup section */
		3B9165711D86E52F00F462C4 /* Main.storyboard */ = {
			isa = PBXVariantGroup;
			children = (
				3B9165721D86E52F00F462C4 /* Base */,
			);
			name = Main.storyboard;
			sourceTree = "<group>";
		};
		3B9165761D86E52F00F462C4 /* LaunchScreen.storyboard */ = {
			isa = PBXVariantGroup;
			children = (
				3B9165771D86E52F00F462C4 /* Base */,
			);
			name = LaunchScreen.storyboard;
			sourceTree = "<group>";
		};
/* End PBXVariantGroup section */

/* Begin XCBuildConfiguration section */
		3B91657A1D86E52F00F462C4 /* Debug */ = {
			isa = XCBuildConfiguration;
			buildSettings = {
				ALWAYS_SEARCH_USER_PATHS = NO;
				CLANG_ANALYZER_NONNULL = YES;
				CLANG_CXX_LANGUAGE_STANDARD = "gnu++0x";
				CLANG_CXX_LIBRARY = "libc++";
				CLANG_ENABLE_MODULES = YES;
				CLANG_ENABLE_OBJC_ARC = YES;
				CLANG_WARN_BOOL_CONVERSION = YES;
				CLANG_WARN_CONSTANT_CONVERSION = YES;
				CLANG_WARN_DIRECT_OBJC_ISA_USAGE = YES_ERROR;
				CLANG_WARN_EMPTY_BODY = YES;
				CLANG_WARN_ENUM_CONVERSION = YES;
				CLANG_WARN_INT_CONVERSION = YES;
				CLANG_WARN_OBJC_ROOT_CLASS = YES_ERROR;
				CLANG_WARN_UNREACHABLE_CODE = YES;
				CLANG_WARN__DUPLICATE_METHOD_MATCH = YES;
				"CODE_SIGN_IDENTITY[sdk=iphoneos*]" = "iPhone Developer";
				COPY_PHASE_STRIP = NO;
				DEBUG_INFORMATION_FORMAT = dwarf;
				ENABLE_STRICT_OBJC_MSGSEND = YES;
				ENABLE_TESTABILITY = YES;
				GCC_C_LANGUAGE_STANDARD = gnu99;
				GCC_DYNAMIC_NO_PIC = NO;
				GCC_NO_COMMON_BLOCKS = YES;
				GCC_OPTIMIZATION_LEVEL = 0;
				GCC_PREPROCESSOR_DEFINITIONS = (
					"DEBUG=1",
					"$(inherited)",
				);
				GCC_WARN_64_TO_32_BIT_CONVERSION = YES;
				GCC_WARN_ABOUT_RETURN_TYPE = YES_ERROR;
				GCC_WARN_UNDECLARED_SELECTOR = YES;
				GCC_WARN_UNINITIALIZED_AUTOS = YES_AGGRESSIVE;
				GCC_WARN_UNUSED_FUNCTION = YES;
				GCC_WARN_UNUSED_VARIABLE = YES;
				IPHONEOS_DEPLOYMENT_TARGET = 9.3;
				MTL_ENABLE_DEBUG_INFO = YES;
				ONLY_ACTIVE_ARCH = YES;
				SDKROOT = iphoneos;
				SWIFT_OPTIMIZATION_LEVEL = "-Onone";
			};
			name = Debug;
		};
		3B91657B1D86E52F00F462C4 /* Release */ = {
			isa = XCBuildConfiguration;
			buildSettings = {
				ALWAYS_SEARCH_USER_PATHS = NO;
				CLANG_ANALYZER_NONNULL = YES;
				CLANG_CXX_LANGUAGE_STANDARD = "gnu++0x";
				CLANG_CXX_LIBRARY = "libc++";
				CLANG_ENABLE_MODULES = YES;
				CLANG_ENABLE_OBJC_ARC = YES;
				CLANG_WARN_BOOL_CONVERSION = YES;
				CLANG_WARN_CONSTANT_CONVERSION = YES;
				CLANG_WARN_DIRECT_OBJC_ISA_USAGE = YES_ERROR;
				CLANG_WARN_EMPTY_BODY = YES;
				CLANG_WARN_ENUM_CONVERSION = YES;
				CLANG_WARN_INT_CONVERSION = YES;
				CLANG_WARN_OBJC_ROOT_CLASS = YES_ERROR;
				CLANG_WARN_UNREACHABLE_CODE = YES;
				CLANG_WARN__DUPLICATE_METHOD_MATCH = YES;
				"CODE_SIGN_IDENTITY[sdk=iphoneos*]" = "iPhone Developer";
				COPY_PHASE_STRIP = NO;
				DEBUG_INFORMATION_FORMAT = "dwarf-with-dsym";
				ENABLE_NS_ASSERTIONS = NO;
				ENABLE_STRICT_OBJC_MSGSEND = YES;
				GCC_C_LANGUAGE_STANDARD = gnu99;
				GCC_NO_COMMON_BLOCKS = YES;
				GCC_WARN_64_TO_32_BIT_CONVERSION = YES;
				GCC_WARN_ABOUT_RETURN_TYPE = YES_ERROR;
				GCC_WARN_UNDECLARED_SELECTOR = YES;
				GCC_WARN_UNINITIALIZED_AUTOS = YES_AGGRESSIVE;
				GCC_WARN_UNUSED_FUNCTION = YES;
				GCC_WARN_UNUSED_VARIABLE = YES;
				IPHONEOS_DEPLOYMENT_TARGET = 9.3;
				MTL_ENABLE_DEBUG_INFO = NO;
				SDKROOT = iphoneos;
				VALIDATE_PRODUCT = YES;
			};
			name = Release;
		};
		3B91657D1D86E52F00F462C4 /* Debug */ = {
			isa = XCBuildConfiguration;
			buildSettings = {
				ASSETCATALOG_COMPILER_APPICON_NAME = AppIcon;
				INFOPLIST_FILE = "事件传递及响应Demo/Info.plist";
				LD_RUNPATH_SEARCH_PATHS = "$(inherited) @executable_path/Frameworks";
				PRODUCT_BUNDLE_IDENTIFIER = "me.zhkuo.-------Demo";
				PRODUCT_NAME = "$(TARGET_NAME)";
			};
			name = Debug;
		};
		3B91657E1D86E52F00F462C4 /* Release */ = {
			isa = XCBuildConfiguration;
			buildSettings = {
				ASSETCATALOG_COMPILER_APPICON_NAME = AppIcon;
				INFOPLIST_FILE = "事件传递及响应Demo/Info.plist";
				LD_RUNPATH_SEARCH_PATHS = "$(inherited) @executable_path/Frameworks";
				PRODUCT_BUNDLE_IDENTIFIER = "me.zhkuo.-------Demo";
				PRODUCT_NAME = "$(TARGET_NAME)";
			};
			name = Release;
		};
/* End XCBuildConfiguration section */

/* Begin XCConfigurationList section */
		3B9165651D86E52F00F462C4 /* Build configuration list for PBXProject "事件传递及响应Demo" */ = {
			isa = XCConfigurationList;
			buildConfigurations = (
				3B91657A1D86E52F00F462C4 /* Debug */,
				3B91657B1D86E52F00F462C4 /* Release */,
			);
			defaultConfigurationIsVisible = 0;
			defaultConfigurationName = Release;
		};
		3B91657C1D86E52F00F462C4 /* Build configuration list for PBXNativeTarget "事件传递及响应Demo" */ = {
			isa = XCConfigurationList;
			buildConfigurations = (
				3B91657D1D86E52F00F462C4 /* Debug */,
				3B91657E1D86E52F00F462C4 /* Release */,
			);
			defaultConfigurationIsVisible = 0;
			defaultConfigurationName = Release;
		};
/* End XCConfigurationList section */
	};
	rootObject = 3B9165621D86E52F00F462C4 /* Project object */;
}
